
Microsoft Visual Studio Solution File, Format Version 12.00
# Visual Studio Version 17
VisualStudioVersion = 17.4.33110.190
MinimumVisualStudioVersion = 10.0.40219.1
Project("{FAE04EC0-301F-11D3-BF4B-00C04F79EFBC}") = "MeuPrimeiroJogo", "MeuPrimeiroJogo\MeuPrimeiroJogo.csproj", "{BF3495B3-C14D-40DD-8781-DE5CF1602107}"
EndProject
Project("{FAE04EC0-301F-11D3-BF4B-00C04F79EFBC}") = "MeuPrimeiroJogoLibrary", "MeuPrimeiroJogoLibray\MeuPrimeiroJogoLibrary.csproj", "{DE4C97DD-CA0C-41DF-8165-E0E4B6A0C215}"
EndProject
Global
	GlobalSection(SolutionConfigurationPlatforms) = preSolution
		Debug|Any CPU = Debug|Any CPU
		Release|Any CPU = Release|Any CPU
	EndGlobalSection
	GlobalSection(ProjectConfigurationPlatforms) = postSolution
		{BF3495B3-C14D-40DD-8781-DE5CF1602107}.Debug|Any CPU.ActiveCfg = Debug|Any CPU
		{BF3495B3-C14D-40DD-8781-DE5CF1602107}.Debug|Any CPU.Build.0 = Debug|Any CPU
		{BF3495B3-C14D-40DD-8781-DE5CF1602107}.Release|Any CPU.ActiveCfg = Release|Any CPU
		{BF3495B3-C14D-40DD-8781-DE5CF1602107}.Release|Any CPU.Build.0 = Release|Any CPU
		{DE4C97DD-CA0C-41DF-8165-E0E4B6A0C215}.Debug|Any CPU.ActiveCfg = Debug|Any CPU
		{DE4C97DD-CA0C-41DF-8165-E0E4B6A0C215}.Debug|Any CPU.Build.0 = Debug|Any CPU
		{DE4C97DD-CA0C-41DF-8165-E0E4B6A0C215}.Release|Any CPU.ActiveCfg = Release|Any CPU
		{DE4C97DD-CA0C-41DF-8165-E0E4B6A0C215}.Release|Any CPU.Build.0 = Release|Any CPU
	EndGlobalSection
	GlobalSection(SolutionProperties) = preSolution
		HideSolutionNode = FALSE
	EndGlobalSection
	GlobalSection(ExtensibilityGlobals) = postSolution
		SolutionGuid = {BFB7A091-E719-4B1B-B2D2-A85C4CF2B7BD}
	EndGlobalSection
EndGlobal
